
Microsoft Visual Studio Solution File, Format Version 12.00
# Visual Studio Version 16
VisualStudioVersion = 16.0.29418.71
MinimumVisualStudioVersion = 10.0.40219.1
Project("{FAE04EC0-301F-11D3-BF4B-00C04F79EFBC}") = "it483", "it483.csproj", "{EE804177-9906-45D4-9C83-599A190448CF}"
EndProject
Global
	GlobalSection(SolutionConfigurationPlatforms) = preSolution
		Debug|Any CPU = Debug|Any CPU
		Release|Any CPU = Release|Any CPU
	EndGlobalSection
	GlobalSection(ProjectConfigurationPlatforms) = postSolution
		{EE804177-9906-45D4-9C83-599A190448CF}.Debug|Any CPU.ActiveCfg = Debug|Any CPU
		{EE804177-9906-45D4-9C83-599A190448CF}.Debug|Any CPU.Build.0 = Debug|Any CPU
		{EE804177-9906-45D4-9C83-599A190448CF}.Release|Any CPU.ActiveCfg = Release|Any CPU
		{EE804177-9906-45D4-9C83-599A190448CF}.Release|Any CPU.Build.0 = Release|Any CPU
	EndGlobalSection
	GlobalSection(SolutionProperties) = preSolution
		HideSolutionNode = FALSE
	EndGlobalSection
	GlobalSection(ExtensibilityGlobals) = postSolution
		SolutionGuid = {26393FD2-5B7B-40B5-9C34-72A268B8C6BF}
	EndGlobalSection
EndGlobal
